
Microsoft Visual Studio Solution File, Format Version 12.00
# Visual Studio 15
VisualStudioVersion = 15.0.28307.1267
MinimumVisualStudioVersion = 10.0.40219.1
Project("{FAE04EC0-301F-11D3-BF4B-00C04F79EFBC}") = "FirsWcfService", "FirsWcfService\FirsWcfService.csproj", "{1EB6BEF3-0068-4A7B-9515-2610EAE25DEB}"
EndProject
Global
	GlobalSection(SolutionConfigurationPlatforms) = preSolution
		Debug|Any CPU = Debug|Any CPU
		Release|Any CPU = Release|Any CPU
	EndGlobalSection
	GlobalSection(ProjectConfigurationPlatforms) = postSolution
		{1EB6BEF3-0068-4A7B-9515-2610EAE25DEB}.Debug|Any CPU.ActiveCfg = Debug|Any CPU
		{1EB6BEF3-0068-4A7B-9515-2610EAE25DEB}.Debug|Any CPU.Build.0 = Debug|Any CPU
		{1EB6BEF3-0068-4A7B-9515-2610EAE25DEB}.Release|Any CPU.ActiveCfg = Release|Any CPU
		{1EB6BEF3-0068-4A7B-9515-2610EAE25DEB}.Release|Any CPU.Build.0 = Release|Any CPU
	EndGlobalSection
	GlobalSection(SolutionProperties) = preSolution
		HideSolutionNode = FALSE
	EndGlobalSection
	GlobalSection(ExtensibilityGlobals) = postSolution
		SolutionGuid = {529CAC71-5DC8-41FF-8AB4-751B74ABD916}
	EndGlobalSection
EndGlobal
